// !$*UTF8*$!
{
	archiveVersion = 1;
	classes = {
	};
	objectVersion = 55;
	objects = {

/* Begin PBXBuildFile section */
		162C442C28926A65008ED2A7 /* SwiftUIMemo.xcdatamodeld in Sources */ = {isa = PBXBuildFile; fileRef = 162C441928926A65008ED2A7 /* SwiftUIMemo.xcdatamodeld */; };
		162C442D28926A65008ED2A7 /* SwiftUIMemo.xcdatamodeld in Sources */ = {isa = PBXBuildFile; fileRef = 162C441928926A65008ED2A7 /* SwiftUIMemo.xcdatamodeld */; };
		162C442E28926A65008ED2A7 /* SwiftUIMemoApp.swift in Sources */ = {isa = PBXBuildFile; fileRef = 162C441B28926A65008ED2A7 /* SwiftUIMemoApp.swift */; };
		162C442F28926A65008ED2A7 /* SwiftUIMemoApp.swift in Sources */ = {isa = PBXBuildFile; fileRef = 162C441B28926A65008ED2A7 /* SwiftUIMemoApp.swift */; };
		162C443228926A65008ED2A7 /* Persistence.swift in Sources */ = {isa = PBXBuildFile; fileRef = 162C441D28926A65008ED2A7 /* Persistence.swift */; };
		162C443328926A65008ED2A7 /* Persistence.swift in Sources */ = {isa = PBXBuildFile; fileRef = 162C441D28926A65008ED2A7 /* Persistence.swift */; };
		162C443428926A65008ED2A7 /* Assets.xcassets in Resources */ = {isa = PBXBuildFile; fileRef = 162C441E28926A65008ED2A7 /* Assets.xcassets */; };
		162C443528926A65008ED2A7 /* Assets.xcassets in Resources */ = {isa = PBXBuildFile; fileRef = 162C441E28926A65008ED2A7 /* Assets.xcassets */; };
		162C443F28926C6B008ED2A7 /* MainListView.swift in Sources */ = {isa = PBXBuildFile; fileRef = 162C443E28926C6B008ED2A7 /* MainListView.swift */; };
		162C444028926C6B008ED2A7 /* MainListView.swift in Sources */ = {isa = PBXBuildFile; fileRef = 162C443E28926C6B008ED2A7 /* MainListView.swift */; };
		162C444428926CC7008ED2A7 /* Memo.swift in Sources */ = {isa = PBXBuildFile; fileRef = 162C444328926CC7008ED2A7 /* Memo.swift */; };
		162C444528926CC7008ED2A7 /* Memo.swift in Sources */ = {isa = PBXBuildFile; fileRef = 162C444328926CC7008ED2A7 /* Memo.swift */; };
		162C444728926D6A008ED2A7 /* MemoStore.swift in Sources */ = {isa = PBXBuildFile; fileRef = 162C444628926D6A008ED2A7 /* MemoStore.swift */; };
		162C444828926D6A008ED2A7 /* MemoStore.swift in Sources */ = {isa = PBXBuildFile; fileRef = 162C444628926D6A008ED2A7 /* MemoStore.swift */; };
		16EC98142893C6DC00BCA6C8 /* MemoCell.swift in Sources */ = {isa = PBXBuildFile; fileRef = 16EC98132893C6DC00BCA6C8 /* MemoCell.swift */; };
		16EC98152893C6DC00BCA6C8 /* MemoCell.swift in Sources */ = {isa = PBXBuildFile; fileRef = 16EC98132893C6DC00BCA6C8 /* MemoCell.swift */; };
		16EC98172893C73E00BCA6C8 /* ComposeView.swift in Sources */ = {isa = PBXBuildFile; fileRef = 16EC98162893C73E00BCA6C8 /* ComposeView.swift */; };
		16EC98182893C73E00BCA6C8 /* ComposeView.swift in Sources */ = {isa = PBXBuildFile; fileRef = 16EC98162893C73E00BCA6C8 /* ComposeView.swift */; };
/* End PBXBuildFile section */

/* Begin PBXFileReference section */
		162C441A28926A65008ED2A7 /* Shared.xcdatamodel */ = {isa = PBXFileReference; lastKnownFileType = wrapper.xcdatamodel; path = Shared.xcdatamodel; sourceTree = "<group>"; };
		162C441B28926A65008ED2A7 /* SwiftUIMemoApp.swift */ = {isa = PBXFileReference; lastKnownFileType = sourcecode.swift; path = SwiftUIMemoApp.swift; sourceTree = "<group>"; };
		162C441D28926A65008ED2A7 /* Persistence.swift */ = {isa = PBXFileReference; lastKnownFileType = sourcecode.swift; path = Persistence.swift; sourceTree = "<group>"; };
		162C441E28926A65008ED2A7 /* Assets.xcassets */ = {isa = PBXFileReference; lastKnownFileType = folder.assetcatalog; path = Assets.xcassets; sourceTree = "<group>"; };
		162C442328926A65008ED2A7 /* SwiftUIMemo.app */ = {isa = PBXFileReference; explicitFileType = wrapper.application; includeInIndex = 0; path = SwiftUIMemo.app; sourceTree = BUILT_PRODUCTS_DIR; };
		162C442928926A65008ED2A7 /* SwiftUIMemo.app */ = {isa = PBXFileReference; explicitFileType = wrapper.application; includeInIndex = 0; path = SwiftUIMemo.app; sourceTree = BUILT_PRODUCTS_DIR; };
		162C442B28926A65008ED2A7 /* macOS.entitlements */ = {isa = PBXFileReference; lastKnownFileType = text.plist.entitlements; path = macOS.entitlements; sourceTree = "<group>"; };
		162C443E28926C6B008ED2A7 /* MainListView.swift */ = {isa = PBXFileReference; lastKnownFileType = sourcecode.swift; path = MainListView.swift; sourceTree = "<group>"; };
		162C444328926CC7008ED2A7 /* Memo.swift */ = {isa = PBXFileReference; lastKnownFileType = sourcecode.swift; path = Memo.swift; sourceTree = "<group>"; };
		162C444628926D6A008ED2A7 /* MemoStore.swift */ = {isa = PBXFileReference; lastKnownFileType = sourcecode.swift; path = MemoStore.swift; sourceTree = "<group>"; };
		16EC98132893C6DC00BCA6C8 /* MemoCell.swift */ = {isa = PBXFileReference; lastKnownFileType = sourcecode.swift; path = MemoCell.swift; sourceTree = "<group>"; };
		16EC98162893C73E00BCA6C8 /* ComposeView.swift */ = {isa = PBXFileReference; lastKnownFileType = sourcecode.swift; path = ComposeView.swift; sourceTree = "<group>"; };
/* End PBXFileReference section */

/* Begin PBXFrameworksBuildPhase section */
		162C442028926A65008ED2A7 /* Frameworks */ = {
			isa = PBXFrameworksBuildPhase;
			buildActionMask = 2147483647;
			files = (
			);
			runOnlyForDeploymentPostprocessing = 0;
		};
		162C442628926A65008ED2A7 /* Frameworks */ = {
			isa = PBXFrameworksBuildPhase;
			buildActionMask = 2147483647;
			files = (
			);
			runOnlyForDeploymentPostprocessing = 0;
		};
/* End PBXFrameworksBuildPhase section */

/* Begin PBXGroup section */
		162C441328926A65008ED2A7 = {
			isa = PBXGroup;
			children = (
				162C441828926A65008ED2A7 /* Shared */,
				162C442A28926A65008ED2A7 /* macOS */,
				162C442428926A65008ED2A7 /* Products */,
			);
			sourceTree = "<group>";
		};
		162C441828926A65008ED2A7 /* Shared */ = {
			isa = PBXGroup;
			children = (
				16EC98122893C6C400BCA6C8 /* View */,
				162C444228926C8C008ED2A7 /* Memory */,
				162C444128926C84008ED2A7 /* CoreData */,
				162C441B28926A65008ED2A7 /* SwiftUIMemoApp.swift */,
				162C441E28926A65008ED2A7 /* Assets.xcassets */,
			);
			path = Shared;
			sourceTree = "<group>";
		};
		162C442428926A65008ED2A7 /* Products */ = {
			isa = PBXGroup;
			children = (
				162C442328926A65008ED2A7 /* SwiftUIMemo.app */,
				162C442928926A65008ED2A7 /* SwiftUIMemo.app */,
			);
			name = Products;
			sourceTree = "<group>";
		};
		162C442A28926A65008ED2A7 /* macOS */ = {
			isa = PBXGroup;
			children = (
				162C442B28926A65008ED2A7 /* macOS.entitlements */,
			);
			path = macOS;
			sourceTree = "<group>";
		};
		162C444128926C84008ED2A7 /* CoreData */ = {
			isa = PBXGroup;
			children = (
				162C441D28926A65008ED2A7 /* Persistence.swift */,
				162C441928926A65008ED2A7 /* SwiftUIMemo.xcdatamodeld */,
			);
			path = CoreData;
			sourceTree = "<group>";
		};
		162C444228926C8C008ED2A7 /* Memory */ = {
			isa = PBXGroup;
			children = (
				162C444328926CC7008ED2A7 /* Memo.swift */,
				162C444628926D6A008ED2A7 /* MemoStore.swift */,
			);
			path = Memory;
			sourceTree = "<group>";
		};
		16EC98122893C6C400BCA6C8 /* View */ = {
			isa = PBXGroup;
			children = (
				162C443E28926C6B008ED2A7 /* MainListView.swift */,
				16EC98132893C6DC00BCA6C8 /* MemoCell.swift */,
				16EC98162893C73E00BCA6C8 /* ComposeView.swift */,
			);
			path = View;
			sourceTree = "<group>";
		};
/* End PBXGroup section */

/* Begin PBXNativeTarget section */
		162C442228926A65008ED2A7 /* SwiftUIMemo (iOS) */ = {
			isa = PBXNativeTarget;
			buildConfigurationList = 162C443828926A65008ED2A7 /* Build configuration list for PBXNativeTarget "SwiftUIMemo (iOS)" */;
			buildPhases = (
				162C441F28926A65008ED2A7 /* Sources */,
				162C442028926A65008ED2A7 /* Frameworks */,
				162C442128926A65008ED2A7 /* Resources */,
			);
			buildRules = (
			);
			dependencies = (
			);
			name = "SwiftUIMemo (iOS)";
			productName = "SwiftUIMemo (iOS)";
			productReference = 162C442328926A65008ED2A7 /* SwiftUIMemo.app */;
			productType = "com.apple.product-type.application";
		};
		162C442828926A65008ED2A7 /* SwiftUIMemo (macOS) */ = {
			isa = PBXNativeTarget;
			buildConfigurationList = 162C443B28926A65008ED2A7 /* Build configuration list for PBXNativeTarget "SwiftUIMemo (macOS)" */;
			buildPhases = (
				162C442528926A65008ED2A7 /* Sources */,
				162C442628926A65008ED2A7 /* Frameworks */,
				162C442728926A65008ED2A7 /* Resources */,
			);
			buildRules = (
			);
			dependencies = (
			);
			name = "SwiftUIMemo (macOS)";
			productName = "SwiftUIMemo (macOS)";
			productReference = 162C442928926A65008ED2A7 /* SwiftUIMemo.app */;
			productType = "com.apple.product-type.application";
		};
/* End PBXNativeTarget section */

/* Begin PBXProject section */
		162C441428926A65008ED2A7 /* Project object */ = {
			isa = PBXProject;
			attributes = {
				BuildIndependentTargetsInParallel = 1;
				LastSwiftUpdateCheck = 1340;
				LastUpgradeCheck = 1340;
				TargetAttributes = {
					162C442228926A65008ED2A7 = {
						CreatedOnToolsVersion = 13.4.1;
					};
					162C442828926A65008ED2A7 = {
						CreatedOnToolsVersion = 13.4.1;
					};
				};
			};
			buildConfigurationList = 162C441728926A65008ED2A7 /* Build configuration list for PBXProject "SwiftUIMemo" */;
			compatibilityVersion = "Xcode 13.0";
			developmentRegion = en;
			hasScannedForEncodings = 0;
			knownRegions = (
				en,
				Base,
			);
			mainGroup = 162C441328926A65008ED2A7;
			productRefGroup = 162C442428926A65008ED2A7 /* Products */;
			projectDirPath = "";
			projectRoot = "";
			targets = (
				162C442228926A65008ED2A7 /* SwiftUIMemo (iOS) */,
				162C442828926A65008ED2A7 /* SwiftUIMemo (macOS) */,
			);
		};
/* End PBXProject section */

/* Begin PBXResourcesBuildPhase section */
		162C442128926A65008ED2A7 /* Resources */ = {
			isa = PBXResourcesBuildPhase;
			buildActionMask = 2147483647;
			files = (
				162C443428926A65008ED2A7 /* Assets.xcassets in Resources */,
			);
			runOnlyForDeploymentPostprocessing = 0;
		};
		162C442728926A65008ED2A7 /* Resources */ = {
			isa = PBXResourcesBuildPhase;
			buildActionMask = 2147483647;
			files = (
				162C443528926A65008ED2A7 /* Assets.xcassets in Resources */,
			);
			runOnlyForDeploymentPostprocessing = 0;
		};
/* End PBXResourcesBuildPhase section */

/* Begin PBXSourcesBuildPhase section */
		162C441F28926A65008ED2A7 /* Sources */ = {
			isa = PBXSourcesBuildPhase;
			buildActionMask = 2147483647;
			files = (
				16EC98142893C6DC00BCA6C8 /* MemoCell.swift in Sources */,
				162C442C28926A65008ED2A7 /* SwiftUIMemo.xcdatamodeld in Sources */,
				162C444728926D6A008ED2A7 /* MemoStore.swift in Sources */,
				162C443F28926C6B008ED2A7 /* MainListView.swift in Sources */,
				162C443228926A65008ED2A7 /* Persistence.swift in Sources */,
				16EC98172893C73E00BCA6C8 /* ComposeView.swift in Sources */,
				162C442E28926A65008ED2A7 /* SwiftUIMemoApp.swift in Sources */,
				162C444428926CC7008ED2A7 /* Memo.swift in Sources */,
			);
			runOnlyForDeploymentPostprocessing = 0;
		};
		162C442528926A65008ED2A7 /* Sources */ = {
			isa = PBXSourcesBuildPhase;
			buildActionMask = 2147483647;
			files = (
				16EC98152893C6DC00BCA6C8 /* MemoCell.swift in Sources */,
				162C442D28926A65008ED2A7 /* SwiftUIMemo.xcdatamodeld in Sources */,
				162C444828926D6A008ED2A7 /* MemoStore.swift in Sources */,
				162C444028926C6B008ED2A7 /* MainListView.swift in Sources */,
				162C443328926A65008ED2A7 /* Persistence.swift in Sources */,
				16EC98182893C73E00BCA6C8 /* ComposeView.swift in Sources */,
				162C442F28926A65008ED2A7 /* SwiftUIMemoApp.swift in Sources */,
				162C444528926CC7008ED2A7 /* Memo.swift in Sources */,
			);
			runOnlyForDeploymentPostprocessing = 0;
		};
/* End PBXSourcesBuildPhase section */

/* Begin XCBuildConfiguration section */
		162C443628926A65008ED2A7 /* Debug */ = {
			isa = XCBuildConfiguration;
			buildSettings = {
				ALWAYS_SEARCH_USER_PATHS = NO;
				CLANG_ANALYZER_NONNULL = YES;
				CLANG_ANALYZER_NUMBER_OBJECT_CONVERSION = YES_AGGRESSIVE;
				CLANG_CXX_LANGUAGE_STANDARD = "gnu++17";
				CLANG_ENABLE_MODULES = YES;
				CLANG_ENABLE_OBJC_ARC = YES;
				CLANG_ENABLE_OBJC_WEAK = YES;
				CLANG_WARN_BLOCK_CAPTURE_AUTORELEASING = YES;
				CLANG_WARN_BOOL_CONVERSION = YES;
				CLANG_WARN_COMMA = YES;
				CLANG_WARN_CONSTANT_CONVERSION = YES;
				CLANG_WARN_DEPRECATED_OBJC_IMPLEMENTATIONS = YES;
				CLANG_WARN_DIRECT_OBJC_ISA_USAGE = YES_ERROR;
				CLANG_WARN_DOCUMENTATION_COMMENTS = YES;
				CLANG_WARN_EMPTY_BODY = YES;
				CLANG_WARN_ENUM_CONVERSION = YES;
				CLANG_WARN_INFINITE_RECURSION = YES;
				CLANG_WARN_INT_CONVERSION = YES;
				CLANG_WARN_NON_LITERAL_NULL_CONVERSION = YES;
				CLANG_WARN_OBJC_IMPLICIT_RETAIN_SELF = YES;
				CLANG_WARN_OBJC_LITERAL_CONVERSION = YES;
				CLANG_WARN_OBJC_ROOT_CLASS = YES_ERROR;
				CLANG_WARN_QUOTED_INCLUDE_IN_FRAMEWORK_HEADER = YES;
				CLANG_WARN_RANGE_LOOP_ANALYSIS = YES;
				CLANG_WARN_STRICT_PROTOTYPES = YES;
				CLANG_WARN_SUSPICIOUS_MOVE = YES;
				CLANG_WARN_UNGUARDED_AVAILABILITY = YES_AGGRESSIVE;
				CLANG_WARN_UNREACHABLE_CODE = YES;
				CLANG_WARN__DUPLICATE_METHOD_MATCH = YES;
				COPY_PHASE_STRIP = NO;
				DEBUG_INFORMATION_FORMAT = dwarf;
				ENABLE_STRICT_OBJC_MSGSEND = YES;
				ENABLE_TESTABILITY = YES;
				GCC_C_LANGUAGE_STANDARD = gnu11;
				GCC_DYNAMIC_NO_PIC = NO;
				GCC_NO_COMMON_BLOCKS = YES;
				GCC_OPTIMIZATION_LEVEL = 0;
				GCC_PREPROCESSOR_DEFINITIONS = (
					"DEBUG=1",
					"$(inherited)",
				);
				GCC_WARN_64_TO_32_BIT_CONVERSION = YES;
				GCC_WARN_ABOUT_RETURN_TYPE = YES_ERROR;
				GCC_WARN_UNDECLARED_SELECTOR = YES;
				GCC_WARN_UNINITIALIZED_AUTOS = YES_AGGRESSIVE;
				GCC_WARN_UNUSED_FUNCTION = YES;
				GCC_WARN_UNUSED_VARIABLE = YES;
				MTL_ENABLE_DEBUG_INFO = INCLUDE_SOURCE;
				MTL_FAST_MATH = YES;
				ONLY_ACTIVE_ARCH = YES;
				SWIFT_ACTIVE_COMPILATION_CONDITIONS = DEBUG;
				SWIFT_OPTIMIZATION_LEVEL = "-Onone";
			};
			name = Debug;
		};
		162C443728926A65008ED2A7 /* Release */ = {
			isa = XCBuildConfiguration;
			buildSettings = {
				ALWAYS_SEARCH_USER_PATHS = NO;
				CLANG_ANALYZER_NONNULL = YES;
				CLANG_ANALYZER_NUMBER_OBJECT_CONVERSION = YES_AGGRESSIVE;
				CLANG_CXX_LANGUAGE_STANDARD = "gnu++17";
				CLANG_ENABLE_MODULES = YES;
				CLANG_ENABLE_OBJC_ARC = YES;
				CLANG_ENABLE_OBJC_WEAK = YES;
				CLANG_WARN_BLOCK_CAPTURE_AUTORELEASING = YES;
				CLANG_WARN_BOOL_CONVERSION = YES;
				CLANG_WARN_COMMA = YES;
				CLANG_WARN_CONSTANT_CONVERSION = YES;
				CLANG_WARN_DEPRECATED_OBJC_IMPLEMENTATIONS = YES;
				CLANG_WARN_DIRECT_OBJC_ISA_USAGE = YES_ERROR;
				CLANG_WARN_DOCUMENTATION_COMMENTS = YES;
				CLANG_WARN_EMPTY_BODY = YES;
				CLANG_WARN_ENUM_CONVERSION = YES;
				CLANG_WARN_INFINITE_RECURSION = YES;
				CLANG_WARN_INT_CONVERSION = YES;
				CLANG_WARN_NON_LITERAL_NULL_CONVERSION = YES;
				CLANG_WARN_OBJC_IMPLICIT_RETAIN_SELF = YES;
				CLANG_WARN_OBJC_LITERAL_CONVERSION = YES;
				CLANG_WARN_OBJC_ROOT_CLASS = YES_ERROR;
				CLANG_WARN_QUOTED_INCLUDE_IN_FRAMEWORK_HEADER = YES;
				CLANG_WARN_RANGE_LOOP_ANALYSIS = YES;
				CLANG_WARN_STRICT_PROTOTYPES = YES;
				CLANG_WARN_SUSPICIOUS_MOVE = YES;
				CLANG_WARN_UNGUARDED_AVAILABILITY = YES_AGGRESSIVE;
				CLANG_WARN_UNREACHABLE_CODE = YES;
				CLANG_WARN__DUPLICATE_METHOD_MATCH = YES;
				COPY_PHASE_STRIP = NO;
				DEBUG_INFORMATION_FORMAT = "dwarf-with-dsym";
				ENABLE_NS_ASSERTIONS = NO;
				ENABLE_STRICT_OBJC_MSGSEND = YES;
				GCC_C_LANGUAGE_STANDARD = gnu11;
				GCC_NO_COMMON_BLOCKS = YES;
				GCC_WARN_64_TO_32_BIT_CONVERSION = YES;
				GCC_WARN_ABOUT_RETURN_TYPE = YES_ERROR;
				GCC_WARN_UNDECLARED_SELECTOR = YES;
				GCC_WARN_UNINITIALIZED_AUTOS = YES_AGGRESSIVE;
				GCC_WARN_UNUSED_FUNCTION = YES;
				GCC_WARN_UNUSED_VARIABLE = YES;
				MTL_ENABLE_DEBUG_INFO = NO;
				MTL_FAST_MATH = YES;
				SWIFT_COMPILATION_MODE = wholemodule;
				SWIFT_OPTIMIZATION_LEVEL = "-O";
			};
			name = Release;
		};
		162C443928926A65008ED2A7 /* Debug */ = {
			isa = XCBuildConfiguration;
			buildSettings = {
				ASSETCATALOG_COMPILER_APPICON_NAME = AppIcon;
				ASSETCATALOG_COMPILER_GLOBAL_ACCENT_COLOR_NAME = AccentColor;
				CODE_SIGN_STYLE = Automatic;
				CURRENT_PROJECT_VERSION = 1;
				DEVELOPMENT_TEAM = 22B9UPZ6L9;
				ENABLE_PREVIEWS = YES;
				GENERATE_INFOPLIST_FILE = YES;
				INFOPLIST_KEY_UIApplicationSceneManifest_Generation = YES;
				INFOPLIST_KEY_UIApplicationSupportsIndirectInputEvents = YES;
				INFOPLIST_KEY_UILaunchScreen_Generation = YES;
				INFOPLIST_KEY_UISupportedInterfaceOrientations_iPad = "UIInterfaceOrientationPortrait UIInterfaceOrientationPortraitUpsideDown UIInterfaceOrientationLandscapeLeft UIInterfaceOrientationLandscapeRight";
				INFOPLIST_KEY_UISupportedInterfaceOrientations_iPhone = "UIInterfaceOrientationPortrait UIInterfaceOrientationLandscapeLeft UIInterfaceOrientationLandscapeRight";
				IPHONEOS_DEPLOYMENT_TARGET = 15.5;
				LD_RUNPATH_SEARCH_PATHS = (
					"$(inherited)",
					"@executable_path/Frameworks",
				);
				MARKETING_VERSION = 1.0;
				PRODUCT_BUNDLE_IDENTIFIER = khobin.SwiftUIMemo;
				PRODUCT_NAME = SwiftUIMemo;
				SDKROOT = iphoneos;
				SWIFT_EMIT_LOC_STRINGS = YES;
				SWIFT_VERSION = 5.0;
				TARGETED_DEVICE_FAMILY = "1,2";
			};
			name = Debug;
		};
		162C443A28926A65008ED2A7 /* Release */ = {
			isa = XCBuildConfiguration;
			buildSettings = {
				ASSETCATALOG_COMPILER_APPICON_NAME = AppIcon;
				ASSETCATALOG_COMPILER_GLOBAL_ACCENT_COLOR_NAME = AccentColor;
				CODE_SIGN_STYLE = Automatic;
				CURRENT_PROJECT_VERSION = 1;
				DEVELOPMENT_TEAM = 22B9UPZ6L9;
				ENABLE_PREVIEWS = YES;
				GENERATE_INFOPLIST_FILE = YES;
				INFOPLIST_KEY_UIApplicationSceneManifest_Generation = YES;
				INFOPLIST_KEY_UIApplicationSupportsIndirectInputEvents = YES;
				INFOPLIST_KEY_UILaunchScreen_Generation = YES;
				INFOPLIST_KEY_UISupportedInterfaceOrientations_iPad = "UIInterfaceOrientationPortrait UIInterfaceOrientationPortraitUpsideDown UIInterfaceOrientationLandscapeLeft UIInterfaceOrientationLandscapeRight";
				INFOPLIST_KEY_UISupportedInterfaceOrientations_iPhone = "UIInterfaceOrientationPortrait UIInterfaceOrientationLandscapeLeft UIInterfaceOrientationLandscapeRight";
				IPHONEOS_DEPLOYMENT_TARGET = 15.5;
				LD_RUNPATH_SEARCH_PATHS = (
					"$(inherited)",
					"@executable_path/Frameworks",
				);
				MARKETING_VERSION = 1.0;
				PRODUCT_BUNDLE_IDENTIFIER = khobin.SwiftUIMemo;
				PRODUCT_NAME = SwiftUIMemo;
				SDKROOT = iphoneos;
				SWIFT_EMIT_LOC_STRINGS = YES;
				SWIFT_VERSION = 5.0;
				TARGETED_DEVICE_FAMILY = "1,2";
				VALIDATE_PRODUCT = YES;
			};
			name = Release;
		};
		162C443C28926A65008ED2A7 /* Debug */ = {
			isa = XCBuildConfiguration;
			buildSettings = {
				ASSETCATALOG_COMPILER_APPICON_NAME = AppIcon;
				ASSETCATALOG_COMPILER_GLOBAL_ACCENT_COLOR_NAME = AccentColor;
				CODE_SIGN_ENTITLEMENTS = macOS/macOS.entitlements;
				CODE_SIGN_STYLE = Automatic;
				COMBINE_HIDPI_IMAGES = YES;
				CURRENT_PROJECT_VERSION = 1;
				DEVELOPMENT_TEAM = 22B9UPZ6L9;
				ENABLE_HARDENED_RUNTIME = YES;
				ENABLE_PREVIEWS = YES;
				GENERATE_INFOPLIST_FILE = YES;
				INFOPLIST_KEY_NSHumanReadableCopyright = "";
				LD_RUNPATH_SEARCH_PATHS = (
					"$(inherited)",
					"@executable_path/../Frameworks",
				);
				MACOSX_DEPLOYMENT_TARGET = 12.3;
				MARKETING_VERSION = 1.0;
				PRODUCT_BUNDLE_IDENTIFIER = khobin.SwiftUIMemo;
				PRODUCT_NAME = SwiftUIMemo;
				SDKROOT = macosx;
				SWIFT_EMIT_LOC_STRINGS = YES;
				SWIFT_VERSION = 5.0;
			};
			name = Debug;
		};
		162C443D28926A65008ED2A7 /* Release */ = {
			isa = XCBuildConfiguration;
			buildSettings = {
				ASSETCATALOG_COMPILER_APPICON_NAME = AppIcon;
				ASSETCATALOG_COMPILER_GLOBAL_ACCENT_COLOR_NAME = AccentColor;
				CODE_SIGN_ENTITLEMENTS = macOS/macOS.entitlements;
				CODE_SIGN_STYLE = Automatic;
				COMBINE_HIDPI_IMAGES = YES;
				CURRENT_PROJECT_VERSION = 1;
				DEVELOPMENT_TEAM = 22B9UPZ6L9;
				ENABLE_HARDENED_RUNTIME = YES;
				ENABLE_PREVIEWS = YES;
				GENERATE_INFOPLIST_FILE = YES;
				INFOPLIST_KEY_NSHumanReadableCopyright = "";
				LD_RUNPATH_SEARCH_PATHS = (
					"$(inherited)",
					"@executable_path/../Frameworks",
				);
				MACOSX_DEPLOYMENT_TARGET = 12.3;
				MARKETING_VERSION = 1.0;
				PRODUCT_BUNDLE_IDENTIFIER = khobin.SwiftUIMemo;
				PRODUCT_NAME = SwiftUIMemo;
				SDKROOT = macosx;
				SWIFT_EMIT_LOC_STRINGS = YES;
				SWIFT_VERSION = 5.0;
			};
			name = Release;
		};
/* End XCBuildConfiguration section */

/* Begin XCConfigurationList section */
		162C441728926A65008ED2A7 /* Build configuration list for PBXProject "SwiftUIMemo" */ = {
			isa = XCConfigurationList;
			buildConfigurations = (
				162C443628926A65008ED2A7 /* Debug */,
				162C443728926A65008ED2A7 /* Release */,
			);
			defaultConfigurationIsVisible = 0;
			defaultConfigurationName = Release;
		};
		162C443828926A65008ED2A7 /* Build configuration list for PBXNativeTarget "SwiftUIMemo (iOS)" */ = {
			isa = XCConfigurationList;
			buildConfigurations = (
				162C443928926A65008ED2A7 /* Debug */,
				162C443A28926A65008ED2A7 /* Release */,
			);
			defaultConfigurationIsVisible = 0;
			defaultConfigurationName = Release;
		};
		162C443B28926A65008ED2A7 /* Build configuration list for PBXNativeTarget "SwiftUIMemo (macOS)" */ = {
			isa = XCConfigurationList;
			buildConfigurations = (
				162C443C28926A65008ED2A7 /* Debug */,
				162C443D28926A65008ED2A7 /* Release */,
			);
			defaultConfigurationIsVisible = 0;
			defaultConfigurationName = Release;
		};
/* End XCConfigurationList section */

/* Begin XCVersionGroup section */
		162C441928926A65008ED2A7 /* SwiftUIMemo.xcdatamodeld */ = {
			isa = XCVersionGroup;
			children = (
				162C441A28926A65008ED2A7 /* Shared.xcdatamodel */,
			);
			currentVersion = 162C441A28926A65008ED2A7 /* Shared.xcdatamodel */;
			path = SwiftUIMemo.xcdatamodeld;
			sourceTree = "<group>";
			versionGroupType = wrapper.xcdatamodel;
		};
/* End XCVersionGroup section */
	};
	rootObject = 162C441428926A65008ED2A7 /* Project object */;
}
